<?xml version="1.0" encoding="utf-8"?>
<Project ToolsVersion="4.0" xmlns="http://schemas.microsoft.com/developer/msbuild/2003">
  <ItemGroup>
    <ClInclude Include="..\Public\Engine_Defines.h">
      <Filter>99.Defines</Filter>
    </ClInclude>
    <ClInclude Include="..\Public\Engine_Enum.h">
      <Filter>99.Defines</Filter>
    </ClInclude>
    <ClInclude Include="..\Public\Engine_Function.h">
      <Filter>99.Defines</Filter>
    </ClInclude>
    <ClInclude Include="..\Public\Engine_Macro.h">
      <Filter>99.Defines</Filter>
    </ClInclude>
    <ClInclude Include="..\Public\Engine_Struct.h">
      <Filter>99.Defines</Filter>
    </ClInclude>
    <ClInclude Include="..\Public\Engine_Typedef.h">
      <Filter>99.Defines</Filter>
    </ClInclude>
    <ClInclude Include="..\Public\Timer.h">
      <Filter>00.System\00.Timer</Filter>
    </ClInclude>
    <ClInclude Include="..\Public\Timer_Manager.h">
      <Filter>00.System\00.Timer\Manager</Filter>
    </ClInclude>
    <ClInclude Include="..\Public\GameInstance.h">
      <Filter>01.Utility\00.GameInstance</Filter>
    </ClInclude>
    <ClInclude Include="..\Public\Level.h">
      <Filter>01.Utility\01.Levels</Filter>
    </ClInclude>
    <ClInclude Include="..\Public\Level_Manager.h">
      <Filter>01.Utility\01.Levels\Manager</Filter>
    </ClInclude>
    <ClInclude Include="..\Public\Base.h">
      <Filter>01.Utility\99. SuperClass</Filter>
    </ClInclude>
    <ClInclude Include="..\public\GameObject.h">
      <Filter>01.Utility\03.GameObject</Filter>
    </ClInclude>
    <ClInclude Include="..\public\Component.h">
      <Filter>01.Utility\04.Components</Filter>
    </ClInclude>
    <ClInclude Include="..\public\Transform.h">
      <Filter>01.Utility\04.Components\Transform</Filter>
    </ClInclude>
    <ClInclude Include="..\public\UIObject.h">
      <Filter>01.Utility\03.GameObject\UIObject</Filter>
    </ClInclude>
    <ClInclude Include="..\Public\Prototype_Manager.h">
      <Filter>01.Utility\02.Prototypes\Manager</Filter>
    </ClInclude>
    <ClInclude Include="..\Public\Object_Manager.h">
      <Filter>01.Utility\03.GameObject\Manager</Filter>
    </ClInclude>
    <ClInclude Include="..\Public\Layer.h">
      <Filter>01.Utility\03.GameObject\Manager\Layer</Filter>
    </ClInclude>
    <ClInclude Include="..\Public\Renderer.h">
      <Filter>01.Utility\05.Renderer</Filter>
    </ClInclude>
    <ClInclude Include="..\public\Texture.h">
      <Filter>01.Utility\04.Components\Texture</Filter>
    </ClInclude>
    <ClInclude Include="..\public\VIBuffer_Rect.h">
      <Filter>01.Utility\04.Components\VIBuffer\Rect</Filter>
    </ClInclude>
    <ClInclude Include="..\public\VIBuffer.h">
      <Filter>01.Utility\04.Components\VIBuffer</Filter>
    </ClInclude>
    <ClInclude Include="..\public\Shader.h">
      <Filter>01.Utility\04.Components\Shader</Filter>
    </ClInclude>
    <ClInclude Include="..\public\VIBuffer_Terrain.h">
      <Filter>01.Utility\04.Components\VIBuffer\Terrain</Filter>
    </ClInclude>
    <ClInclude Include="..\public\PipeLIne.h">
      <Filter>01.Utility\07. PipeLIne</Filter>
    </ClInclude>
    <ClInclude Include="..\public\Camera.h">
      <Filter>01.Utility\03.GameObject\Camera</Filter>
    </ClInclude>
    <ClInclude Include="..\Public\Graphic_Device.h">
      <Filter>00.System\01.Device\Graphic</Filter>
    </ClInclude>
    <ClInclude Include="..\public\Input_Device.h">
      <Filter>00.System\01.Device\Input</Filter>
    </ClInclude>
    <ClInclude Include="..\..\External Libraries\Imgui\imconfig.h">
      <Filter>Exteral Libraries</Filter>
    </ClInclude>
    <ClInclude Include="..\..\External Libraries\Imgui\imgui.h">
      <Filter>Exteral Libraries</Filter>
    </ClInclude>
    <ClInclude Include="..\..\External Libraries\Imgui\imgui_internal.h">
      <Filter>Exteral Libraries</Filter>
    </ClInclude>
    <ClInclude Include="..\..\External Libraries\Imgui\imstb_rectpack.h">
      <Filter>Exteral Libraries</Filter>
    </ClInclude>
    <ClInclude Include="..\..\External Libraries\Imgui\imstb_textedit.h">
      <Filter>Exteral Libraries</Filter>
    </ClInclude>
    <ClInclude Include="..\..\External Libraries\Imgui\imstb_truetype.h">
      <Filter>Exteral Libraries</Filter>
    </ClInclude>
    <ClInclude Include="..\..\External Libraries\Imgui\backends\imgui_impl_dx11.h">
      <Filter>Exteral Libraries\backends</Filter>
    </ClInclude>
    <ClInclude Include="..\..\External Libraries\Imgui\backends\imgui_impl_win32.h">
      <Filter>Exteral Libraries\backends</Filter>
    </ClInclude>
    <ClInclude Include="..\public\Picking.h">
      <Filter>01.Utility\08. Picking</Filter>
    </ClInclude>
    <ClInclude Include="..\public\Model.h">
      <Filter>01.Utility\04.Components\Model</Filter>
    </ClInclude>
    <ClInclude Include="..\public\Material.h">
      <Filter>01.Utility\04.Components\Model\Material</Filter>
    </ClInclude>
    <ClInclude Include="..\public\Bone.h">
      <Filter>01.Utility\04.Components\Model\Bone</Filter>
    </ClInclude>
    <ClInclude Include="..\public\Mesh.h">
      <Filter>01.Utility\04.Components\Model\Mesh</Filter>
    </ClInclude>
    <ClInclude Include="..\public\Animation.h">
      <Filter>01.Utility\04.Components\Model\Animation</Filter>
    </ClInclude>
    <ClInclude Include="..\public\Channel.h">
      <Filter>01.Utility\04.Components\Model\Animation\Channel</Filter>
    </ClInclude>
    <ClInclude Include="..\public\PartObject.h">
      <Filter>01.Utility\03.GameObject\PartObject</Filter>
    </ClInclude>
    <ClInclude Include="..\public\ContainerObject.h">
      <Filter>01.Utility\03.GameObject\ContainerObject</Filter>
    </ClInclude>
    <ClInclude Include="..\public\Observer.h">
      <Filter>01.Utility\06. Observer</Filter>
    </ClInclude>
    <ClInclude Include="..\public\Observer_Manager.h">
      <Filter>01.Utility\06. Observer\Manager</Filter>
    </ClInclude>
    <ClInclude Include="..\public\CustomFont.h">
      <Filter>01.Utility\09. Font</Filter>
    </ClInclude>
    <ClInclude Include="..\public\Font_Manager.h">
      <Filter>01.Utility\09. Font\Manager</Filter>
    </ClInclude>
    <ClInclude Include="..\public\Light.h">
      <Filter>01.Utility\10. Light</Filter>
    </ClInclude>
    <ClInclude Include="..\public\LIght_Manager.h">
      <Filter>01.Utility\10. Light\Manager</Filter>
    </ClInclude>
    <ClInclude Include="..\Public\VIBuffer_Cube.h">
      <Filter>01.Utility\04.Components\VIBuffer\Cube</Filter>
    </ClInclude>
    <ClInclude Include="..\public\Sound_Manager.h">
      <Filter>01.Utility\11. Sound</Filter>
    </ClInclude>
    <ClInclude Include="..\..\External Libraries\fmod\fmod.h">
      <Filter>Exteral Libraries\fmod</Filter>
    </ClInclude>
    <ClInclude Include="..\..\External Libraries\fmod\fmod.hpp">
      <Filter>Exteral Libraries\fmod</Filter>
    </ClInclude>
    <ClInclude Include="..\..\External Libraries\fmod\fmod_codec.h">
      <Filter>Exteral Libraries\fmod</Filter>
    </ClInclude>
    <ClInclude Include="..\..\External Libraries\fmod\fmod_common.h">
      <Filter>Exteral Libraries\fmod</Filter>
    </ClInclude>
    <ClInclude Include="..\..\External Libraries\fmod\fmod_dsp.h">
      <Filter>Exteral Libraries\fmod</Filter>
    </ClInclude>
    <ClInclude Include="..\..\External Libraries\fmod\fmod_dsp_effects.h">
      <Filter>Exteral Libraries\fmod</Filter>
    </ClInclude>
    <ClInclude Include="..\..\External Libraries\fmod\fmod_errors.h">
      <Filter>Exteral Libraries\fmod</Filter>
    </ClInclude>
    <ClInclude Include="..\..\External Libraries\fmod\fmod_output.h">
      <Filter>Exteral Libraries\fmod</Filter>
    </ClInclude>
    <ClInclude Include="..\public\Bounding_Sphere.h">
      <Filter>01.Utility\04.Components\Collider\Bounding\Sphere</Filter>
    </ClInclude>
    <ClInclude Include="..\public\Bounding_AABB.h">
      <Filter>01.Utility\04.Components\Collider\Bounding\AABB</Filter>
    </ClInclude>
    <ClInclude Include="..\public\Bounding_OBB.h">
      <Filter>01.Utility\04.Components\Collider\Bounding\OBB</Filter>
    </ClInclude>
    <ClInclude Include="..\public\Bounding.h">
      <Filter>01.Utility\04.Components\Collider\Bounding</Filter>
    </ClInclude>
    <ClInclude Include="..\Public\DebugDraw.h">
      <Filter>01.Utility\04.Components\Collider\DebugDraw</Filter>
    </ClInclude>
    <ClInclude Include="..\public\Collider_Manager.h">
      <Filter>01.Utility\04.Components\Collider\Manager</Filter>
    </ClInclude>
    <ClInclude Include="..\public\Collider.h">
      <Filter>01.Utility\04.Components\Collider</Filter>
    </ClInclude>
    <ClInclude Include="..\public\Navigation.h">
      <Filter>01.Utility\04.Components\Navigation</Filter>
    </ClInclude>
    <ClInclude Include="..\public\Cell.h">
      <Filter>01.Utility\04.Components\Navigation\Cell</Filter>
    </ClInclude>
    <ClInclude Include="..\public\VIBuffer_Cell.h">
      <Filter>01.Utility\04.Components\VIBuffer\Cell</Filter>
    </ClInclude>
    <ClInclude Include="..\public\VIBuffer_Instance.h">
      <Filter>01.Utility\04.Components\VIBuffer\Instance</Filter>
    </ClInclude>
    <ClInclude Include="..\public\VIBuffer_Rect_Instance.h">
      <Filter>01.Utility\04.Components\VIBuffer\Instance\Rect</Filter>
    </ClInclude>
    <ClInclude Include="..\public\VIBuffer_Mesh_Instance.h">
      <Filter>01.Utility\04.Components\VIBuffer\Instance\Mesh</Filter>
    </ClInclude>
    <ClInclude Include="..\public\VIBuffer_Model_Instance.h">
      <Filter>01.Utility\04.Components\VIBuffer\Instance\Mesh\VIBuffer_Model</Filter>
    </ClInclude>
    <ClInclude Include="..\public\ViBuffer_Point_Instance.h">
      <Filter>01.Utility\04.Components\VIBuffer\Instance\Point</Filter>
    </ClInclude>
  </ItemGroup>
  <ItemGroup>
    <ClCompile Include="..\Private\Timer.cpp">
      <Filter>00.System\00.Timer</Filter>
    </ClCompile>
    <ClCompile Include="..\Private\Timer_Manager.cpp">
      <Filter>00.System\00.Timer\Manager</Filter>
    </ClCompile>
    <ClCompile Include="..\Private\GameInstance.cpp">
      <Filter>01.Utility\00.GameInstance</Filter>
    </ClCompile>
    <ClCompile Include="..\Private\Level.cpp">
      <Filter>01.Utility\01.Levels</Filter>
    </ClCompile>
    <ClCompile Include="..\Private\Level_Manager.cpp">
      <Filter>01.Utility\01.Levels\Manager</Filter>
    </ClCompile>
    <ClCompile Include="..\Private\Base.cpp">
      <Filter>01.Utility\99. SuperClass</Filter>
    </ClCompile>
    <ClCompile Include="..\private\GameObject.cpp">
      <Filter>01.Utility\03.GameObject</Filter>
    </ClCompile>
    <ClCompile Include="..\private\Component.cpp">
      <Filter>01.Utility\04.Components</Filter>
    </ClCompile>
    <ClCompile Include="..\private\Transform.cpp">
      <Filter>01.Utility\04.Components\Transform</Filter>
    </ClCompile>
    <ClCompile Include="..\private\UIObject.cpp">
      <Filter>01.Utility\03.GameObject\UIObject</Filter>
    </ClCompile>
    <ClCompile Include="..\Private\Prototype_Manager.cpp">
      <Filter>01.Utility\02.Prototypes\Manager</Filter>
    </ClCompile>
    <ClCompile Include="..\Private\Object_Manager.cpp">
      <Filter>01.Utility\03.GameObject\Manager</Filter>
    </ClCompile>
    <ClCompile Include="..\Private\Layer.cpp">
      <Filter>01.Utility\03.GameObject\Manager\Layer</Filter>
    </ClCompile>
    <ClCompile Include="..\Private\Renderer.cpp">
      <Filter>01.Utility\05.Renderer</Filter>
    </ClCompile>
    <ClCompile Include="..\private\Texture.cpp">
      <Filter>01.Utility\04.Components\Texture</Filter>
    </ClCompile>
    <ClCompile Include="..\private\VIBuffer_Rect.cpp">
      <Filter>01.Utility\04.Components\VIBuffer\Rect</Filter>
    </ClCompile>
    <ClCompile Include="..\private\VIBuffer.cpp">
      <Filter>01.Utility\04.Components\VIBuffer</Filter>
    </ClCompile>
    <ClCompile Include="..\private\Shader.cpp">
      <Filter>01.Utility\04.Components\Shader</Filter>
    </ClCompile>
    <ClCompile Include="..\Private\Engine_Struct.cpp">
      <Filter>99.Defines</Filter>
    </ClCompile>
    <ClCompile Include="..\private\VIBuffer_Terrain.cpp">
      <Filter>01.Utility\04.Components\VIBuffer\Terrain</Filter>
    </ClCompile>
    <ClCompile Include="..\Private\PipeLIne.cpp">
      <Filter>01.Utility\07. PipeLIne</Filter>
    </ClCompile>
    <ClCompile Include="..\private\Camera.cpp">
      <Filter>01.Utility\03.GameObject\Camera</Filter>
    </ClCompile>
    <ClCompile Include="..\Private\Graphic_Device.cpp">
      <Filter>00.System\01.Device\Graphic</Filter>
    </ClCompile>
    <ClCompile Include="..\private\Input_Device.cpp">
      <Filter>00.System\01.Device\Input</Filter>
    </ClCompile>
    <ClCompile Include="..\..\External Libraries\Imgui\imgui.cpp">
      <Filter>Exteral Libraries</Filter>
    </ClCompile>
    <ClCompile Include="..\..\External Libraries\Imgui\imgui_demo.cpp">
      <Filter>Exteral Libraries</Filter>
    </ClCompile>
    <ClCompile Include="..\..\External Libraries\Imgui\imgui_draw.cpp">
      <Filter>Exteral Libraries</Filter>
    </ClCompile>
    <ClCompile Include="..\..\External Libraries\Imgui\imgui_tables.cpp">
      <Filter>Exteral Libraries</Filter>
    </ClCompile>
    <ClCompile Include="..\..\External Libraries\Imgui\imgui_widgets.cpp">
      <Filter>Exteral Libraries</Filter>
    </ClCompile>
    <ClCompile Include="..\..\External Libraries\Imgui\backends\imgui_impl_dx11.cpp">
      <Filter>Exteral Libraries\backends</Filter>
    </ClCompile>
    <ClCompile Include="..\..\External Libraries\Imgui\backends\imgui_impl_win32.cpp">
      <Filter>Exteral Libraries\backends</Filter>
    </ClCompile>
    <ClCompile Include="..\..\..\..\..\JusinSRTeamJW\External Libraries\ImGuizmo-master\ImGuizmo.cpp">
      <Filter>Exteral Libraries</Filter>
    </ClCompile>
    <ClCompile Include="..\private\Picking.cpp">
      <Filter>01.Utility\08. Picking</Filter>
    </ClCompile>
    <ClCompile Include="..\private\Model.cpp">
      <Filter>01.Utility\04.Components\Model</Filter>
    </ClCompile>
    <ClCompile Include="..\private\Material.cpp">
      <Filter>01.Utility\04.Components\Model\Material</Filter>
    </ClCompile>
    <ClCompile Include="..\private\Bone.cpp">
      <Filter>01.Utility\04.Components\Model\Bone</Filter>
    </ClCompile>
    <ClCompile Include="..\private\Mesh.cpp">
      <Filter>01.Utility\04.Components\Model\Mesh</Filter>
    </ClCompile>
    <ClCompile Include="..\private\Animation.cpp">
      <Filter>01.Utility\04.Components\Model\Animation</Filter>
    </ClCompile>
    <ClCompile Include="..\private\Channel.cpp">
      <Filter>01.Utility\04.Components\Model\Animation\Channel</Filter>
    </ClCompile>
    <ClCompile Include="..\private\PartObject.cpp">
      <Filter>01.Utility\03.GameObject\PartObject</Filter>
    </ClCompile>
    <ClCompile Include="..\private\ContainerObject.cpp">
      <Filter>01.Utility\03.GameObject\ContainerObject</Filter>
    </ClCompile>
    <ClCompile Include="..\private\Observer.cpp">
      <Filter>01.Utility\06. Observer</Filter>
    </ClCompile>
    <ClCompile Include="..\private\Observer_Manager.cpp">
      <Filter>01.Utility\06. Observer\Manager</Filter>
    </ClCompile>
    <ClCompile Include="..\private\CustomFont.cpp">
      <Filter>01.Utility\09. Font</Filter>
    </ClCompile>
    <ClCompile Include="..\private\Font_Manager.cpp">
      <Filter>01.Utility\09. Font\Manager</Filter>
    </ClCompile>
    <ClCompile Include="..\private\Light.cpp">
      <Filter>01.Utility\10. Light</Filter>
    </ClCompile>
    <ClCompile Include="..\private\LIght_Manager.cpp">
      <Filter>01.Utility\10. Light\Manager</Filter>
    </ClCompile>
    <ClCompile Include="..\private\VIBuffer_Cube.cpp">
      <Filter>01.Utility\04.Components\VIBuffer\Cube</Filter>
    </ClCompile>
    <ClCompile Include="..\private\Sound_Manager.cpp">
      <Filter>01.Utility\11. Sound</Filter>
    </ClCompile>
    <ClCompile Include="..\private\Collider.cpp">
      <Filter>01.Utility\04.Components\Collider</Filter>
    </ClCompile>
    <ClCompile Include="..\private\Bounding_Sphere.cpp">
      <Filter>01.Utility\04.Components\Collider\Bounding\Sphere</Filter>
    </ClCompile>
    <ClCompile Include="..\private\Bounding_AABB.cpp">
      <Filter>01.Utility\04.Components\Collider\Bounding\AABB</Filter>
    </ClCompile>
    <ClCompile Include="..\private\Bounding_OBB.cpp">
      <Filter>01.Utility\04.Components\Collider\Bounding\OBB</Filter>
    </ClCompile>
    <ClCompile Include="..\private\Bounding.cpp">
      <Filter>01.Utility\04.Components\Collider\Bounding</Filter>
    </ClCompile>
    <ClCompile Include="..\Private\DebugDraw.cpp">
      <Filter>01.Utility\04.Components\Collider\DebugDraw</Filter>
    </ClCompile>
    <ClCompile Include="..\private\Collider_Manager.cpp">
      <Filter>01.Utility\04.Components\Collider\Manager</Filter>
    </ClCompile>
    <ClCompile Include="..\private\Navigation.cpp">
      <Filter>01.Utility\04.Components\Navigation</Filter>
    </ClCompile>
    <ClCompile Include="..\private\Cell.cpp">
      <Filter>01.Utility\04.Components\Navigation\Cell</Filter>
    </ClCompile>
    <ClCompile Include="..\private\VIBuffer_Cell.cpp">
      <Filter>01.Utility\04.Components\VIBuffer\Cell</Filter>
    </ClCompile>
    <ClCompile Include="..\private\VIBuffer_Instance.cpp">
      <Filter>01.Utility\04.Components\VIBuffer\Instance</Filter>
    </ClCompile>
    <ClCompile Include="..\private\VIBuffer_Rect_Instance.cpp">
      <Filter>01.Utility\04.Components\VIBuffer\Instance\Rect</Filter>
    </ClCompile>
    <ClCompile Include="..\private\VIBuffer_Mesh_Instance.cpp">
      <Filter>01.Utility\04.Components\VIBuffer\Instance\Mesh</Filter>
    </ClCompile>
    <ClCompile Include="..\private\VIBuffer_Model_Instance.cpp">
      <Filter>01.Utility\04.Components\VIBuffer\Instance\Mesh\VIBuffer_Model</Filter>
    </ClCompile>
    <ClCompile Include="..\private\ViBuffer_Point_Instance.cpp">
      <Filter>01.Utility\04.Components\VIBuffer\Instance\Point</Filter>
    </ClCompile>
  </ItemGroup>
  <ItemGroup>
    <Filter Include="00.System">
      <UniqueIdentifier>{77e8400c-7e49-43b9-b7f2-4012b62e40af}</UniqueIdentifier>
    </Filter>
    <Filter Include="99.Defines">
      <UniqueIdentifier>{87b361cb-36f4-4de0-b2de-23437e26b1b1}</UniqueIdentifier>
    </Filter>
    <Filter Include="01.Utility">
      <UniqueIdentifier>{fed3992d-9937-48d1-8232-e91946b44a26}</UniqueIdentifier>
    </Filter>
    <Filter Include="00.System\00.Timer">
      <UniqueIdentifier>{946ea1bd-a6ad-4124-9a42-7ea12e8c54a3}</UniqueIdentifier>
    </Filter>
    <Filter Include="00.System\01.Device">
      <UniqueIdentifier>{4c9717d9-4552-4b0f-8fd1-ee87f7864556}</UniqueIdentifier>
    </Filter>
    <Filter Include="00.System\00.Timer\Manager">
      <UniqueIdentifier>{ec7cea28-6755-4dff-8dc7-3ce238408752}</UniqueIdentifier>
    </Filter>
    <Filter Include="01.Utility\00.GameInstance">
      <UniqueIdentifier>{646a5b9e-b195-441c-b825-3c86f314f568}</UniqueIdentifier>
    </Filter>
    <Filter Include="01.Utility\01.Levels">
      <UniqueIdentifier>{d21271cb-09a3-42be-af80-9dcf2c19aff6}</UniqueIdentifier>
    </Filter>
    <Filter Include="01.Utility\01.Levels\Manager">
      <UniqueIdentifier>{234015e5-16ad-46c6-b584-e43a2fb240bd}</UniqueIdentifier>
    </Filter>
    <Filter Include="01.Utility\02.Prototypes">
      <UniqueIdentifier>{d2429872-c1dd-4c52-8409-10ceab500df6}</UniqueIdentifier>
    </Filter>
    <Filter Include="01.Utility\03.GameObject">
      <UniqueIdentifier>{8542546c-1517-43a4-a3ed-c7e1ed5245ec}</UniqueIdentifier>
    </Filter>
    <Filter Include="01.Utility\03.GameObject\Manager">
      <UniqueIdentifier>{313d83d4-8a4a-4091-8d72-bed83bc58376}</UniqueIdentifier>
    </Filter>
    <Filter Include="01.Utility\04.Components">
      <UniqueIdentifier>{c8ff5966-2bbf-4633-88d4-dec210ad2207}</UniqueIdentifier>
    </Filter>
    <Filter Include="01.Utility\04.Components\Transform">
      <UniqueIdentifier>{6b3d22a0-5c82-4ff4-a7fe-543e619d38f6}</UniqueIdentifier>
    </Filter>
    <Filter Include="01.Utility\02.Prototypes\Manager">
      <UniqueIdentifier>{4689e40f-5977-4a2b-9f9c-62be8b7df8df}</UniqueIdentifier>
    </Filter>
    <Filter Include="01.Utility\03.GameObject\Manager\Layer">
      <UniqueIdentifier>{93c98eaf-40e7-4a00-931e-326aee0dbe94}</UniqueIdentifier>
    </Filter>
    <Filter Include="01.Utility\05.Renderer">
      <UniqueIdentifier>{da92f69a-6467-48a6-8b8e-a6742f918351}</UniqueIdentifier>
    </Filter>
    <Filter Include="01.Utility\04.Components\VIBuffer">
      <UniqueIdentifier>{a867d1c1-de32-414c-8d79-d4bfc9827474}</UniqueIdentifier>
    </Filter>
    <Filter Include="01.Utility\04.Components\Texture">
      <UniqueIdentifier>{b47138cc-bcff-4762-b883-18aefaf06efe}</UniqueIdentifier>
    </Filter>
    <Filter Include="01.Utility\04.Components\Shader">
      <UniqueIdentifier>{b28320a0-3358-4482-adbd-83fc1492c376}</UniqueIdentifier>
    </Filter>
    <Filter Include="01.Utility\04.Components\VIBuffer\Rect">
      <UniqueIdentifier>{6ac2eaed-00c7-4957-b995-528170281560}</UniqueIdentifier>
    </Filter>
    <Filter Include="01.Utility\04.Components\VIBuffer\Terrain">
      <UniqueIdentifier>{9ddf86be-2abe-4eef-85e6-440fb5c17013}</UniqueIdentifier>
    </Filter>
    <Filter Include="01.Utility\03.GameObject\AlphaObject">
      <UniqueIdentifier>{ef57a2eb-e00e-4060-9ac7-b37657577e39}</UniqueIdentifier>
    </Filter>
    <Filter Include="01.Utility\03.GameObject\ContainerObject">
      <UniqueIdentifier>{0cd9f2b4-9f44-40c6-aae6-17dcdf0a1551}</UniqueIdentifier>
    </Filter>
    <Filter Include="01.Utility\03.GameObject\LandObject">
      <UniqueIdentifier>{d8865f37-fbd9-481c-b923-62d1ea007274}</UniqueIdentifier>
    </Filter>
    <Filter Include="01.Utility\03.GameObject\PartObject">
      <UniqueIdentifier>{555d19d9-169e-4fc4-9d50-96e03f3e281c}</UniqueIdentifier>
    </Filter>
    <Filter Include="01.Utility\03.GameObject\UIObject">
      <UniqueIdentifier>{514e7d77-7e75-4725-9b62-8b73f0a15645}</UniqueIdentifier>
    </Filter>
    <Filter Include="01.Utility\03.GameObject\Camera">
      <UniqueIdentifier>{44e0c7d6-deab-43d6-be40-5cb3e46c5945}</UniqueIdentifier>
    </Filter>
    <Filter Include="00.System\01.Device\Graphic">
      <UniqueIdentifier>{a357caf2-0b20-4ba9-9f22-b064dbdfd8b0}</UniqueIdentifier>
    </Filter>
    <Filter Include="00.System\01.Device\Input">
      <UniqueIdentifier>{3d787adc-839c-4d8c-9712-8247c2ae92c7}</UniqueIdentifier>
    </Filter>
    <Filter Include="Exteral Libraries">
      <UniqueIdentifier>{7edf4c6a-2c53-4313-9a1e-d4c845274260}</UniqueIdentifier>
    </Filter>
    <Filter Include="Exteral Libraries\backends">
      <UniqueIdentifier>{54bafefd-1c52-4968-be86-d74af45d07a7}</UniqueIdentifier>
    </Filter>
    <Filter Include="01.Utility\04.Components\Model">
      <UniqueIdentifier>{a940b893-7434-45ea-8b29-9a65173a3ab3}</UniqueIdentifier>
    </Filter>
    <Filter Include="01.Utility\04.Components\Model\Mesh">
      <UniqueIdentifier>{f818e878-356e-4f75-8371-a23b596e5873}</UniqueIdentifier>
    </Filter>
    <Filter Include="01.Utility\04.Components\Model\Bone">
      <UniqueIdentifier>{b4df614c-27dd-4bfa-b2c4-6d2e2dd260f5}</UniqueIdentifier>
    </Filter>
    <Filter Include="01.Utility\04.Components\Model\Animation">
      <UniqueIdentifier>{da568987-fea8-44fd-bea7-f7c326593484}</UniqueIdentifier>
    </Filter>
    <Filter Include="01.Utility\04.Components\Model\Material">
      <UniqueIdentifier>{815200ee-1b87-4c17-b4cf-4d0dabb7b534}</UniqueIdentifier>
    </Filter>
    <Filter Include="01.Utility\04.Components\Model\Animation\Channel">
      <UniqueIdentifier>{b4f84a52-8dc2-4fa7-95ee-1a6c89e1846f}</UniqueIdentifier>
    </Filter>
    <Filter Include="01.Utility\06. Observer">
      <UniqueIdentifier>{f104e21c-34e8-48ad-9210-a8de6f7b5bdb}</UniqueIdentifier>
    </Filter>
    <Filter Include="01.Utility\06. Observer\Manager">
      <UniqueIdentifier>{72a62cf3-1bda-49e4-adcc-bc4459979482}</UniqueIdentifier>
    </Filter>
    <Filter Include="01.Utility\08. Picking">
      <UniqueIdentifier>{44594459-98bd-4268-92e6-67952e4d418b}</UniqueIdentifier>
    </Filter>
    <Filter Include="01.Utility\07. PipeLIne">
      <UniqueIdentifier>{3603cbd2-9ebb-4878-ac3d-c1c00c804081}</UniqueIdentifier>
    </Filter>
    <Filter Include="01.Utility\09. Font">
      <UniqueIdentifier>{d28e3cc1-9d88-4335-9471-d37a9daeb2ce}</UniqueIdentifier>
    </Filter>
    <Filter Include="01.Utility\99. SuperClass">
      <UniqueIdentifier>{c5c38433-b538-4e7b-891b-4809c69188f3}</UniqueIdentifier>
    </Filter>
    <Filter Include="01.Utility\09. Font\Manager">
      <UniqueIdentifier>{4d4d5d84-bd35-4d7e-9686-c0380393ca96}</UniqueIdentifier>
    </Filter>
    <Filter Include="01.Utility\10. Light">
      <UniqueIdentifier>{f254a05f-9919-4ede-9f02-cae016ff9728}</UniqueIdentifier>
    </Filter>
    <Filter Include="01.Utility\10. Light\Manager">
      <UniqueIdentifier>{0aa6a504-4937-43b1-a961-441e4c19848e}</UniqueIdentifier>
    </Filter>
    <Filter Include="01.Utility\04.Components\Collider">
      <UniqueIdentifier>{fef1b4c1-ed5e-462f-8dc1-5024f74590d8}</UniqueIdentifier>
    </Filter>
    <Filter Include="01.Utility\04.Components\VIBuffer\Cube">
      <UniqueIdentifier>{6cc86b67-8efa-420c-8b54-b4a94586dc88}</UniqueIdentifier>
    </Filter>
    <Filter Include="01.Utility\11. Sound">
      <UniqueIdentifier>{ab3a69b9-fa90-4750-b9e1-b07a6c0bc0ce}</UniqueIdentifier>
    </Filter>
    <Filter Include="Exteral Libraries\fmod">
      <UniqueIdentifier>{e795e83e-8604-4ed6-965f-8701488e2475}</UniqueIdentifier>
    </Filter>
    <Filter Include="01.Utility\04.Components\Collider\DebugDraw">
      <UniqueIdentifier>{bafd3a82-d90f-4fb4-93e6-56ddc0be2fd7}</UniqueIdentifier>
    </Filter>
    <Filter Include="01.Utility\04.Components\Collider\Bounding">
      <UniqueIdentifier>{6d72a673-7887-4a57-9c65-97630b0aeac4}</UniqueIdentifier>
    </Filter>
    <Filter Include="01.Utility\04.Components\Collider\Bounding\AABB">
      <UniqueIdentifier>{70912fd7-5b08-4665-91a0-bfe3dd1e60b9}</UniqueIdentifier>
    </Filter>
    <Filter Include="01.Utility\04.Components\Collider\Bounding\OBB">
      <UniqueIdentifier>{8cb40013-50cc-4b44-9a2e-a114ee7aa0bc}</UniqueIdentifier>
    </Filter>
    <Filter Include="01.Utility\04.Components\Collider\Bounding\Sphere">
      <UniqueIdentifier>{95a5e225-5a8d-4bf6-a9d0-638cca15b37a}</UniqueIdentifier>
    </Filter>
    <Filter Include="01.Utility\04.Components\Collider\Manager">
      <UniqueIdentifier>{04087825-b7e0-411c-990d-48fd1250e47e}</UniqueIdentifier>
    </Filter>
    <Filter Include="01.Utility\04.Components\Navigation">
      <UniqueIdentifier>{1ca47750-dd29-487d-b65d-1113e1b510de}</UniqueIdentifier>
    </Filter>
    <Filter Include="01.Utility\04.Components\Navigation\Cell">
      <UniqueIdentifier>{2ef4ff84-0093-4692-b6e3-04978882bc1c}</UniqueIdentifier>
    </Filter>
    <Filter Include="01.Utility\04.Components\VIBuffer\Cell">
      <UniqueIdentifier>{a19d276a-499a-42e6-805b-dbb41abbb9ec}</UniqueIdentifier>
    </Filter>
    <Filter Include="98. ShaderFile">
      <UniqueIdentifier>{696ee693-17ec-495d-81cf-08fcbe9ba597}</UniqueIdentifier>
    </Filter>
    <Filter Include="01.Utility\04.Components\VIBuffer\Instance">
      <UniqueIdentifier>{61c2dda2-b323-4f9f-b870-1727bf9b6689}</UniqueIdentifier>
    </Filter>
    <Filter Include="01.Utility\04.Components\VIBuffer\Instance\Rect">
      <UniqueIdentifier>{9d5161f8-1b26-4be3-a977-4e66b92df378}</UniqueIdentifier>
    </Filter>
    <Filter Include="01.Utility\04.Components\VIBuffer\Instance\Mesh">
      <UniqueIdentifier>{8fc39d98-76fa-4a7b-9e97-7abc915179e3}</UniqueIdentifier>
    </Filter>
    <Filter Include="01.Utility\04.Components\VIBuffer\Instance\Mesh\VIBuffer_Model">
      <UniqueIdentifier>{b55864bd-1102-41f3-a7a7-eeffb72a5b7d}</UniqueIdentifier>
    </Filter>
    <Filter Include="01.Utility\04.Components\VIBuffer\Instance\Point">
      <UniqueIdentifier>{9db7736c-3ec6-4e58-b365-55be7da79fa0}</UniqueIdentifier>
    </Filter>
  </ItemGroup>
  <ItemGroup>
    <None Include="..\..\External Libraries\fmod\fmod_dsp.cs">
      <Filter>Exteral Libraries\fmod</Filter>
    </None>
  </ItemGroup>
</Project>