<?xml version="1.0" encoding="utf-8"?>
<Project ToolsVersion="4.0" xmlns="http://schemas.microsoft.com/developer/msbuild/2003">
  <ItemGroup>
    <Filter Include="98.Default">
      <UniqueIdentifier>{e4b14c11-52df-475b-b837-3a232685c010}</UniqueIdentifier>
    </Filter>
    <Filter Include="99.Defines">
      <UniqueIdentifier>{72444e1a-0502-4c74-8392-c8e6a1e89ed0}</UniqueIdentifier>
    </Filter>
    <Filter Include="00.MainApp">
      <UniqueIdentifier>{ffac1f7d-cb22-4ce8-a7fd-43cfb62fb4db}</UniqueIdentifier>
    </Filter>
    <Filter Include="97.ShaderFiles">
      <UniqueIdentifier>{d3e6ac29-52aa-40a2-9d7d-35700ad7da3f}</UniqueIdentifier>
    </Filter>
    <Filter Include="01.Levels">
      <UniqueIdentifier>{3b3aeff7-5170-4d23-a6bc-ca661d804d84}</UniqueIdentifier>
    </Filter>
    <Filter Include="01.Levels\Logo">
      <UniqueIdentifier>{fc8ef11a-d4da-4fb2-acd6-da87cf54da78}</UniqueIdentifier>
    </Filter>
    <Filter Include="01.Levels\Loading">
      <UniqueIdentifier>{d77e9a5c-f9dd-469f-9e4a-e102f2dc83a4}</UniqueIdentifier>
    </Filter>
    <Filter Include="01.Levels\Loading\Loader">
      <UniqueIdentifier>{09b33f93-851a-4e38-8e8a-83626e4878cb}</UniqueIdentifier>
    </Filter>
    <Filter Include="01.Levels\GamePlay">
      <UniqueIdentifier>{a3f64273-696d-4106-b58f-efef5e5d53fe}</UniqueIdentifier>
    </Filter>
    <Filter Include="02.GameObjects">
      <UniqueIdentifier>{db82fc83-d01c-41cf-8115-cfc65328ad5c}</UniqueIdentifier>
    </Filter>
    <Filter Include="03. UI">
      <UniqueIdentifier>{6a2e03eb-6fb9-45e3-a62d-387a77e2673e}</UniqueIdentifier>
    </Filter>
    <Filter Include="03. UI\Metronome">
      <UniqueIdentifier>{7554baa4-667d-4af3-b640-bc6710e5deda}</UniqueIdentifier>
    </Filter>
    <Filter Include="03. UI\Metronome\Counter">
      <UniqueIdentifier>{d5f5e68f-0d78-422d-a7f9-9438a353898c}</UniqueIdentifier>
    </Filter>
    <Filter Include="03. UI\00.BackGround">
      <UniqueIdentifier>{2a95d670-b78b-4365-888f-45a6815fed54}</UniqueIdentifier>
    </Filter>
    <Filter Include="01.Levels\Edit">
      <UniqueIdentifier>{15fbc57c-34ef-4631-a335-1cfedf7796b3}</UniqueIdentifier>
    </Filter>
    <Filter Include="02.GameObjects\00.Camera">
      <UniqueIdentifier>{42f66aee-580f-4e3b-8211-dd26e4d407a3}</UniqueIdentifier>
    </Filter>
    <Filter Include="02.GameObjects\01.Terrain">
      <UniqueIdentifier>{287ab26d-b142-4ba0-853b-86f885a5eedc}</UniqueIdentifier>
    </Filter>
    <Filter Include="96. Imgui">
      <UniqueIdentifier>{2ce9f54c-531a-4b3c-bd5d-df99f45fdf0c}</UniqueIdentifier>
    </Filter>
    <Filter Include="02.GameObjects\02. Structure">
      <UniqueIdentifier>{b8214dc0-8735-4542-a02d-8f47df1526a7}</UniqueIdentifier>
    </Filter>
    <Filter Include="02.GameObjects\03. Projectile">
      <UniqueIdentifier>{9b90c68d-5fdd-4bab-aff1-02650a7d183d}</UniqueIdentifier>
    </Filter>
    <Filter Include="02.GameObjects\03. Projectile\Monster">
      <UniqueIdentifier>{82f71747-9fd5-4295-9ead-ebb49ab1403f}</UniqueIdentifier>
    </Filter>
    <Filter Include="02.GameObjects\04. Player">
      <UniqueIdentifier>{a37bc951-4da6-4e1b-a8b1-166d8e9ba96f}</UniqueIdentifier>
    </Filter>
    <Filter Include="02.GameObjects\00.Camera\Cameras">
      <UniqueIdentifier>{e367cec4-bdf5-43e7-8a1e-e483b4699c79}</UniqueIdentifier>
    </Filter>
    <Filter Include="02.GameObjects\05. Monster">
      <UniqueIdentifier>{3d1d1a23-00f5-49ee-b998-1ecc89d8d585}</UniqueIdentifier>
    </Filter>
    <Filter Include="02.GameObjects\05. Monster\Peon">
      <UniqueIdentifier>{e78bffe8-3337-48e0-a7c6-451eb03f2f36}</UniqueIdentifier>
    </Filter>
    <Filter Include="02.GameObjects\05. Monster\Base">
      <UniqueIdentifier>{40e23877-9b28-4762-875c-a00fea2d50a9}</UniqueIdentifier>
    </Filter>
    <Filter Include="02.GameObjects\06. State">
      <UniqueIdentifier>{375f02ed-b9b2-45a6-8044-218e56fb3bbb}</UniqueIdentifier>
    </Filter>
    <Filter Include="02.GameObjects\06. State\Monster">
      <UniqueIdentifier>{1ac5c8d2-ff13-47ac-b923-868fa0f033de}</UniqueIdentifier>
    </Filter>
    <Filter Include="02.GameObjects\06. State\Player">
      <UniqueIdentifier>{da7b7daa-fc0a-4907-a8df-98b3955beb9b}</UniqueIdentifier>
    </Filter>
    <Filter Include="02.GameObjects\06. State\Base">
      <UniqueIdentifier>{012ed0e9-d5db-4dd3-bffb-c28e41c13ffd}</UniqueIdentifier>
    </Filter>
    <Filter Include="02.GameObjects\05. Monster\Discord">
      <UniqueIdentifier>{90ee3e00-f712-42d6-998f-005530c7413b}</UniqueIdentifier>
    </Filter>
    <Filter Include="02.GameObjects\06. State\Player\Attack">
      <UniqueIdentifier>{db167966-b964-4d20-9196-e87974d44a30}</UniqueIdentifier>
    </Filter>
    <Filter Include="02.GameObjects\06. State\Player\Attack\Combo">
      <UniqueIdentifier>{1a55f90b-47d1-4b46-901c-3dc32ada5d03}</UniqueIdentifier>
    </Filter>
    <Filter Include="02.GameObjects\06. State\Player\Attack\Charge">
      <UniqueIdentifier>{d1589118-2964-48e8-8f73-1b90f75ba1d5}</UniqueIdentifier>
    </Filter>
    <Filter Include="02.GameObjects\06. State\Player\Attack\ULT">
      <UniqueIdentifier>{635508cc-26ce-46ff-9435-7118062b6074}</UniqueIdentifier>
    </Filter>
    <Filter Include="02.GameObjects\06. State\Player\Move">
      <UniqueIdentifier>{a5740016-7562-4498-b0fa-40aedc2bb023}</UniqueIdentifier>
    </Filter>
    <Filter Include="02.GameObjects\06. State\Player\Idle">
      <UniqueIdentifier>{e39acbca-ced3-488f-b97b-c7cdbc1f01b4}</UniqueIdentifier>
    </Filter>
    <Filter Include="02.GameObjects\06. State\Player\Dash">
      <UniqueIdentifier>{c4a1f392-8fe8-4c88-ab95-b92eebdf403a}</UniqueIdentifier>
    </Filter>
    <Filter Include="02.GameObjects\06. State\Global">
      <UniqueIdentifier>{088179b1-a7ed-4bf0-aa37-aa5f86bf2565}</UniqueIdentifier>
    </Filter>
    <Filter Include="02.GameObjects\06. State\Global\Spawn">
      <UniqueIdentifier>{a1bfac3e-6064-48d4-b55d-8a0e037c0d69}</UniqueIdentifier>
    </Filter>
    <Filter Include="02.GameObjects\06. State\Player\Hit">
      <UniqueIdentifier>{6347be5a-639e-4010-8c23-44cfa00401db}</UniqueIdentifier>
    </Filter>
    <Filter Include="02.GameObjects\05. Monster\Discord\Body">
      <UniqueIdentifier>{66aaa0e4-0487-4a67-b2c6-7e625c77f3ca}</UniqueIdentifier>
    </Filter>
    <Filter Include="04. Observers">
      <UniqueIdentifier>{b0a4664f-a326-45ef-877c-e8d39a422aa0}</UniqueIdentifier>
    </Filter>
    <Filter Include="04. Observers\Hp">
      <UniqueIdentifier>{159b0d8b-5a65-4055-b9be-9123d1f537de}</UniqueIdentifier>
    </Filter>
    <Filter Include="04. Observers\State">
      <UniqueIdentifier>{ace82525-280f-4865-b432-dc4538d24932}</UniqueIdentifier>
    </Filter>
    <Filter Include="04. Observers\Phase">
      <UniqueIdentifier>{ef3f7012-b96a-48a5-848a-14da8e7c4c6a}</UniqueIdentifier>
    </Filter>
    <Filter Include="04. Observers\Animation">
      <UniqueIdentifier>{774f506d-86b0-4ed8-b71a-2a5d9a6af16d}</UniqueIdentifier>
    </Filter>
    <Filter Include="02.GameObjects\07. Weapon">
      <UniqueIdentifier>{69c23f0e-f154-413e-8ff8-bcd2c4dbd2e8}</UniqueIdentifier>
    </Filter>
    <Filter Include="02.GameObjects\07. Weapon\Base">
      <UniqueIdentifier>{c304dafd-33e1-4bd9-8e6b-6909f5df8e7b}</UniqueIdentifier>
    </Filter>
    <Filter Include="05. Inventory">
      <UniqueIdentifier>{01a6aa21-4b98-4f58-a8a3-05bf06b5fdb1}</UniqueIdentifier>
    </Filter>
    <Filter Include="02.GameObjects\04. Player\Body">
      <UniqueIdentifier>{5609681f-2332-48f8-a2c9-7319d426f6c5}</UniqueIdentifier>
    </Filter>
    <Filter Include="02.GameObjects\07. Weapon\Keyboard">
      <UniqueIdentifier>{57c225fd-d7bb-4038-bd95-081cc219701c}</UniqueIdentifier>
    </Filter>
    <Filter Include="02.GameObjects\07. Weapon\Rifle">
      <UniqueIdentifier>{5c5f4e20-17ea-4b19-abfc-bd47cee810c0}</UniqueIdentifier>
    </Filter>
    <Filter Include="02.GameObjects\06. State\Player\Change">
      <UniqueIdentifier>{cea3ad4b-8f3e-4dea-a762-2ba5d43d166a}</UniqueIdentifier>
    </Filter>
    <Filter Include="02.GameObjects\07. Weapon\Sickle">
      <UniqueIdentifier>{69bed7b7-6504-41cb-be24-055feb1ff3ce}</UniqueIdentifier>
    </Filter>
    <Filter Include="02.GameObjects\07. Weapon\Axe">
      <UniqueIdentifier>{70253357-09e8-454b-905c-531383498d77}</UniqueIdentifier>
    </Filter>
    <Filter Include="02.GameObjects\03. Projectile\Player">
      <UniqueIdentifier>{db55858d-38fd-4b3e-bf0e-49e6ff68d10c}</UniqueIdentifier>
    </Filter>
  </ItemGroup>
  <ItemGroup>
    <ClInclude Include="Client.h">
      <Filter>98.Default</Filter>
    </ClInclude>
    <ClInclude Include="framework.h">
      <Filter>98.Default</Filter>
    </ClInclude>
    <ClInclude Include="Resource.h">
      <Filter>98.Default</Filter>
    </ClInclude>
    <ClInclude Include="targetver.h">
      <Filter>98.Default</Filter>
    </ClInclude>
    <ClInclude Include="..\Public\Client_Defines.h">
      <Filter>99.Defines</Filter>
    </ClInclude>
    <ClInclude Include="..\Public\Client_Enum.h">
      <Filter>99.Defines</Filter>
    </ClInclude>
    <ClInclude Include="..\Public\Level_GamePlay.h">
      <Filter>01.Levels\GamePlay</Filter>
    </ClInclude>
    <ClInclude Include="..\Public\Level_Loading.h">
      <Filter>01.Levels\Loading</Filter>
    </ClInclude>
    <ClInclude Include="..\Public\Loader.h">
      <Filter>01.Levels\Loading\Loader</Filter>
    </ClInclude>
    <ClInclude Include="..\Public\Level_Logo.h">
      <Filter>01.Levels\Logo</Filter>
    </ClInclude>
    <ClInclude Include="..\public\MainApp.h">
      <Filter>00.MainApp</Filter>
    </ClInclude>
    <ClInclude Include="..\public\BackGround.h">
      <Filter>03. UI\00.BackGround</Filter>
    </ClInclude>
    <ClInclude Include="..\public\Metronome.h">
      <Filter>03. UI\Metronome</Filter>
    </ClInclude>
    <ClInclude Include="..\Public\Metronome_Counter.h">
      <Filter>03. UI\Metronome\Counter</Filter>
    </ClInclude>
    <ClInclude Include="..\public\Camera_Free.h">
      <Filter>02.GameObjects\00.Camera</Filter>
    </ClInclude>
    <ClInclude Include="..\public\Terrain.h">
      <Filter>02.GameObjects\01.Terrain</Filter>
    </ClInclude>
    <ClInclude Include="..\public\MyImgui.h">
      <Filter>96. Imgui</Filter>
    </ClInclude>
    <ClInclude Include="..\public\Level_Edit.h">
      <Filter>01.Levels\Edit</Filter>
    </ClInclude>
    <ClInclude Include="..\public\Projectile_Base.h">
      <Filter>02.GameObjects\03. Projectile</Filter>
    </ClInclude>
    <ClInclude Include="..\public\Projectile_Monster.h">
      <Filter>02.GameObjects\03. Projectile\Monster</Filter>
    </ClInclude>
    <ClInclude Include="..\public\Structure.h">
      <Filter>02.GameObjects\02. Structure</Filter>
    </ClInclude>
    <ClInclude Include="..\public\Player.h">
      <Filter>02.GameObjects\04. Player</Filter>
    </ClInclude>
    <ClInclude Include="..\public\Camera_TopDown.h">
      <Filter>02.GameObjects\00.Camera\Cameras</Filter>
    </ClInclude>
    <ClInclude Include="..\public\Monster_Base.h">
      <Filter>02.GameObjects\05. Monster\Base</Filter>
    </ClInclude>
    <ClInclude Include="..\public\Player_State_Idle.h">
      <Filter>02.GameObjects\06. State\Player\Idle</Filter>
    </ClInclude>
    <ClInclude Include="..\public\Player_State_Move.h">
      <Filter>02.GameObjects\06. State\Player\Move</Filter>
    </ClInclude>
    <ClInclude Include="..\public\Object_State_Spawn.h">
      <Filter>02.GameObjects\06. State\Global\Spawn</Filter>
    </ClInclude>
    <ClInclude Include="..\public\Object_State.h">
      <Filter>02.GameObjects\06. State\Base</Filter>
    </ClInclude>
    <ClInclude Include="..\Public\Player_State_Define.h">
      <Filter>99.Defines</Filter>
    </ClInclude>
    <ClInclude Include="..\public\Player_State_Dash.h">
      <Filter>02.GameObjects\06. State\Player\Dash</Filter>
    </ClInclude>
    <ClInclude Include="..\public\Player_State_ULT.h">
      <Filter>02.GameObjects\06. State\Player\Attack\ULT</Filter>
    </ClInclude>
    <ClInclude Include="..\public\Player_State_Combo.h">
      <Filter>02.GameObjects\06. State\Player\Attack\Combo</Filter>
    </ClInclude>
    <ClInclude Include="..\public\Player_State_Charge.h">
      <Filter>02.GameObjects\06. State\Player\Attack\Charge</Filter>
    </ClInclude>
    <ClInclude Include="..\public\Player_State_Attack.h">
      <Filter>02.GameObjects\06. State\Player\Attack</Filter>
    </ClInclude>
    <ClInclude Include="..\public\Discord.h">
      <Filter>02.GameObjects\05. Monster\Discord</Filter>
    </ClInclude>
    <ClInclude Include="..\public\Body_Discord.h">
      <Filter>02.GameObjects\05. Monster\Discord\Body</Filter>
    </ClInclude>
    <ClInclude Include="..\public\Observer_Animation.h">
      <Filter>04. Observers\Animation</Filter>
    </ClInclude>
    <ClInclude Include="..\public\Observer_State.h">
      <Filter>04. Observers\State</Filter>
    </ClInclude>
    <ClInclude Include="..\public\Observer_Phase.h">
      <Filter>04. Observers\Phase</Filter>
    </ClInclude>
    <ClInclude Include="..\public\Weapon_Base.h">
      <Filter>02.GameObjects\07. Weapon\Base</Filter>
    </ClInclude>
    <ClInclude Include="..\public\Rifle.h">
      <Filter>02.GameObjects\07. Weapon\Rifle</Filter>
    </ClInclude>
    <ClInclude Include="..\public\Body_Player.h">
      <Filter>02.GameObjects\04. Player\Body</Filter>
    </ClInclude>
    <ClInclude Include="..\public\Keyboard.h">
      <Filter>02.GameObjects\07. Weapon\Keyboard</Filter>
    </ClInclude>
    <ClInclude Include="..\public\Player_State_Change.h">
      <Filter>02.GameObjects\06. State\Player\Change</Filter>
    </ClInclude>
    <ClInclude Include="..\public\Sickle.h">
      <Filter>02.GameObjects\07. Weapon\Sickle</Filter>
    </ClInclude>
    <ClInclude Include="..\public\Axe.h">
      <Filter>02.GameObjects\07. Weapon\Axe</Filter>
    </ClInclude>
    <ClInclude Include="..\public\Projectile_Player.h">
      <Filter>02.GameObjects\03. Projectile\Player</Filter>
    </ClInclude>
  </ItemGroup>
  <ItemGroup>
    <Image Include="Client.ico">
      <Filter>98.Default</Filter>
    </Image>
    <Image Include="small.ico">
      <Filter>98.Default</Filter>
    </Image>
  </ItemGroup>
  <ItemGroup>
    <ResourceCompile Include="Client.rc">
      <Filter>98.Default</Filter>
    </ResourceCompile>
  </ItemGroup>
  <ItemGroup>
    <ClCompile Include="Client.cpp">
      <Filter>98.Default</Filter>
    </ClCompile>
    <ClCompile Include="..\Private\Level_GamePlay.cpp">
      <Filter>01.Levels\GamePlay</Filter>
    </ClCompile>
    <ClCompile Include="..\Private\Level_Loading.cpp">
      <Filter>01.Levels\Loading</Filter>
    </ClCompile>
    <ClCompile Include="..\Private\Level_Logo.cpp">
      <Filter>01.Levels\Logo</Filter>
    </ClCompile>
    <ClCompile Include="..\private\MainApp.cpp">
      <Filter>00.MainApp</Filter>
    </ClCompile>
    <ClCompile Include="..\private\BackGround.cpp">
      <Filter>03. UI\00.BackGround</Filter>
    </ClCompile>
    <ClCompile Include="..\private\Metronome.cpp">
      <Filter>03. UI\Metronome</Filter>
    </ClCompile>
    <ClCompile Include="..\private\Metronome_Counter.cpp">
      <Filter>03. UI\Metronome\Counter</Filter>
    </ClCompile>
    <ClCompile Include="..\private\Camera_Free.cpp">
      <Filter>02.GameObjects\00.Camera</Filter>
    </ClCompile>
    <ClCompile Include="..\private\Terrain.cpp">
      <Filter>02.GameObjects\01.Terrain</Filter>
    </ClCompile>
    <ClCompile Include="..\private\MyImgui.cpp">
      <Filter>96. Imgui</Filter>
    </ClCompile>
    <ClCompile Include="..\private\Level_Edit.cpp">
      <Filter>01.Levels\Edit</Filter>
    </ClCompile>
    <ClCompile Include="..\Private\Loader.cpp">
      <Filter>01.Levels\Loading\Loader</Filter>
    </ClCompile>
    <ClCompile Include="..\private\Projectile_Base.cpp">
      <Filter>02.GameObjects\03. Projectile</Filter>
    </ClCompile>
    <ClCompile Include="..\private\Projectile_Monster.cpp">
      <Filter>02.GameObjects\03. Projectile\Monster</Filter>
    </ClCompile>
    <ClCompile Include="..\private\Structure.cpp">
      <Filter>02.GameObjects\02. Structure</Filter>
    </ClCompile>
    <ClCompile Include="..\private\Player.cpp">
      <Filter>02.GameObjects\04. Player</Filter>
    </ClCompile>
    <ClCompile Include="..\private\Camera_TopDown.cpp">
      <Filter>02.GameObjects\00.Camera\Cameras</Filter>
    </ClCompile>
    <ClCompile Include="..\private\Monster_Base.cpp">
      <Filter>02.GameObjects\05. Monster\Base</Filter>
    </ClCompile>
    <ClCompile Include="..\private\Player_State_Idle.cpp">
      <Filter>02.GameObjects\06. State\Player\Idle</Filter>
    </ClCompile>
    <ClCompile Include="..\private\Player_State_Move.cpp">
      <Filter>02.GameObjects\06. State\Player\Move</Filter>
    </ClCompile>
    <ClCompile Include="..\Private\Player_State_Attack.cpp">
      <Filter>02.GameObjects\06. State\Player\Attack</Filter>
    </ClCompile>
    <ClCompile Include="..\private\Object_State_Spawn.cpp">
      <Filter>02.GameObjects\06. State\Global\Spawn</Filter>
    </ClCompile>
    <ClCompile Include="..\private\Object_State.cpp">
      <Filter>02.GameObjects\06. State\Base</Filter>
    </ClCompile>
    <ClCompile Include="..\private\Player_State_Dash.cpp">
      <Filter>02.GameObjects\06. State\Player\Dash</Filter>
    </ClCompile>
    <ClCompile Include="..\private\Player_State_ULT.cpp">
      <Filter>02.GameObjects\06. State\Player\Attack\ULT</Filter>
    </ClCompile>
    <ClCompile Include="..\private\Player_State_Combo.cpp">
      <Filter>02.GameObjects\06. State\Player\Attack\Combo</Filter>
    </ClCompile>
    <ClCompile Include="..\private\Player_State_Charge.cpp">
      <Filter>02.GameObjects\06. State\Player\Attack\Charge</Filter>
    </ClCompile>
    <ClCompile Include="..\private\Discord.cpp">
      <Filter>02.GameObjects\05. Monster\Discord</Filter>
    </ClCompile>
    <ClCompile Include="..\private\Body_Discord.cpp">
      <Filter>02.GameObjects\05. Monster\Discord\Body</Filter>
    </ClCompile>
    <ClCompile Include="..\private\Observer_Animation.cpp">
      <Filter>04. Observers\Animation</Filter>
    </ClCompile>
    <ClCompile Include="..\private\Observer_State.cpp">
      <Filter>04. Observers\State</Filter>
    </ClCompile>
    <ClCompile Include="..\private\Observer_Phase.cpp">
      <Filter>04. Observers\Phase</Filter>
    </ClCompile>
    <ClCompile Include="..\private\Weapon_Base.cpp">
      <Filter>02.GameObjects\07. Weapon\Base</Filter>
    </ClCompile>
    <ClCompile Include="..\private\Rifle.cpp">
      <Filter>02.GameObjects\07. Weapon\Rifle</Filter>
    </ClCompile>
    <ClCompile Include="..\private\Body_Player.cpp">
      <Filter>02.GameObjects\04. Player\Body</Filter>
    </ClCompile>
    <ClCompile Include="..\private\Keyboard.cpp">
      <Filter>02.GameObjects\07. Weapon\Keyboard</Filter>
    </ClCompile>
    <ClCompile Include="..\private\Player_State_Change.cpp">
      <Filter>02.GameObjects\06. State\Player\Change</Filter>
    </ClCompile>
    <ClCompile Include="..\private\Sickle.cpp">
      <Filter>02.GameObjects\07. Weapon\Sickle</Filter>
    </ClCompile>
    <ClCompile Include="..\private\Axe.cpp">
      <Filter>02.GameObjects\07. Weapon\Axe</Filter>
    </ClCompile>
    <ClCompile Include="..\private\Projectile_Player.cpp">
      <Filter>02.GameObjects\03. Projectile\Player</Filter>
    </ClCompile>
  </ItemGroup>
  <ItemGroup>
    <FxCompile Include="..\Bin\ShaderFiles\Shader_VtxPosTex.hlsl">
      <Filter>97.ShaderFiles</Filter>
    </FxCompile>
    <FxCompile Include="..\Bin\ShaderFiles\Shader_VtxNorTex.hlsl">
      <Filter>97.ShaderFiles</Filter>
    </FxCompile>
    <FxCompile Include="..\Bin\ShaderFiles\Shader_VtxAnimMesh.hlsl">
      <Filter>97.ShaderFiles</Filter>
    </FxCompile>
    <FxCompile Include="..\Bin\ShaderFiles\Shader_VtxMesh.hlsl">
      <Filter>97.ShaderFiles</Filter>
    </FxCompile>
  </ItemGroup>
</Project>