<?xml version="1.0" encoding="utf-8"?>
<Project ToolsVersion="4.0" xmlns="http://schemas.microsoft.com/developer/msbuild/2003">
  <ItemGroup>
    <Filter Include="98.Default">
      <UniqueIdentifier>{e4b14c11-52df-475b-b837-3a232685c010}</UniqueIdentifier>
    </Filter>
    <Filter Include="99.Defines">
      <UniqueIdentifier>{72444e1a-0502-4c74-8392-c8e6a1e89ed0}</UniqueIdentifier>
    </Filter>
    <Filter Include="00.MainApp">
      <UniqueIdentifier>{ffac1f7d-cb22-4ce8-a7fd-43cfb62fb4db}</UniqueIdentifier>
    </Filter>
    <Filter Include="97.ShaderFiles">
      <UniqueIdentifier>{d3e6ac29-52aa-40a2-9d7d-35700ad7da3f}</UniqueIdentifier>
    </Filter>
    <Filter Include="02.GameObjects">
      <UniqueIdentifier>{db82fc83-d01c-41cf-8115-cfc65328ad5c}</UniqueIdentifier>
    </Filter>
    <Filter Include="03. UI">
      <UniqueIdentifier>{6a2e03eb-6fb9-45e3-a62d-387a77e2673e}</UniqueIdentifier>
    </Filter>
    <Filter Include="02.GameObjects\00.Camera">
      <UniqueIdentifier>{42f66aee-580f-4e3b-8211-dd26e4d407a3}</UniqueIdentifier>
    </Filter>
    <Filter Include="02.GameObjects\01.Terrain">
      <UniqueIdentifier>{287ab26d-b142-4ba0-853b-86f885a5eedc}</UniqueIdentifier>
    </Filter>
    <Filter Include="96. Imgui">
      <UniqueIdentifier>{2ce9f54c-531a-4b3c-bd5d-df99f45fdf0c}</UniqueIdentifier>
    </Filter>
    <Filter Include="02.GameObjects\02. Structure">
      <UniqueIdentifier>{b8214dc0-8735-4542-a02d-8f47df1526a7}</UniqueIdentifier>
    </Filter>
    <Filter Include="02.GameObjects\03. Projectile">
      <UniqueIdentifier>{9b90c68d-5fdd-4bab-aff1-02650a7d183d}</UniqueIdentifier>
    </Filter>
    <Filter Include="02.GameObjects\03. Projectile\Monster">
      <UniqueIdentifier>{82f71747-9fd5-4295-9ead-ebb49ab1403f}</UniqueIdentifier>
    </Filter>
    <Filter Include="02.GameObjects\04. Player">
      <UniqueIdentifier>{a37bc951-4da6-4e1b-a8b1-166d8e9ba96f}</UniqueIdentifier>
    </Filter>
    <Filter Include="02.GameObjects\00.Camera\Cameras">
      <UniqueIdentifier>{e367cec4-bdf5-43e7-8a1e-e483b4699c79}</UniqueIdentifier>
    </Filter>
    <Filter Include="02.GameObjects\05. Monster">
      <UniqueIdentifier>{3d1d1a23-00f5-49ee-b998-1ecc89d8d585}</UniqueIdentifier>
    </Filter>
    <Filter Include="02.GameObjects\05. Monster\Base">
      <UniqueIdentifier>{40e23877-9b28-4762-875c-a00fea2d50a9}</UniqueIdentifier>
    </Filter>
    <Filter Include="02.GameObjects\06. State">
      <UniqueIdentifier>{375f02ed-b9b2-45a6-8044-218e56fb3bbb}</UniqueIdentifier>
    </Filter>
    <Filter Include="02.GameObjects\06. State\Player">
      <UniqueIdentifier>{da7b7daa-fc0a-4907-a8df-98b3955beb9b}</UniqueIdentifier>
    </Filter>
    <Filter Include="02.GameObjects\06. State\Base">
      <UniqueIdentifier>{012ed0e9-d5db-4dd3-bffb-c28e41c13ffd}</UniqueIdentifier>
    </Filter>
    <Filter Include="02.GameObjects\05. Monster\Discord">
      <UniqueIdentifier>{90ee3e00-f712-42d6-998f-005530c7413b}</UniqueIdentifier>
    </Filter>
    <Filter Include="02.GameObjects\06. State\Player\Idle">
      <UniqueIdentifier>{e39acbca-ced3-488f-b97b-c7cdbc1f01b4}</UniqueIdentifier>
    </Filter>
    <Filter Include="02.GameObjects\05. Monster\Discord\Body">
      <UniqueIdentifier>{66aaa0e4-0487-4a67-b2c6-7e625c77f3ca}</UniqueIdentifier>
    </Filter>
    <Filter Include="04. Observers">
      <UniqueIdentifier>{b0a4664f-a326-45ef-877c-e8d39a422aa0}</UniqueIdentifier>
    </Filter>
    <Filter Include="04. Observers\Phase">
      <UniqueIdentifier>{ef3f7012-b96a-48a5-848a-14da8e7c4c6a}</UniqueIdentifier>
    </Filter>
    <Filter Include="04. Observers\Animation">
      <UniqueIdentifier>{774f506d-86b0-4ed8-b71a-2a5d9a6af16d}</UniqueIdentifier>
    </Filter>
    <Filter Include="02.GameObjects\07. Weapon">
      <UniqueIdentifier>{69c23f0e-f154-413e-8ff8-bcd2c4dbd2e8}</UniqueIdentifier>
    </Filter>
    <Filter Include="02.GameObjects\07. Weapon\Base">
      <UniqueIdentifier>{c304dafd-33e1-4bd9-8e6b-6909f5df8e7b}</UniqueIdentifier>
    </Filter>
    <Filter Include="05. Inventory">
      <UniqueIdentifier>{01a6aa21-4b98-4f58-a8a3-05bf06b5fdb1}</UniqueIdentifier>
    </Filter>
    <Filter Include="02.GameObjects\04. Player\Body">
      <UniqueIdentifier>{5609681f-2332-48f8-a2c9-7319d426f6c5}</UniqueIdentifier>
    </Filter>
    <Filter Include="02.GameObjects\07. Weapon\Keyboard">
      <UniqueIdentifier>{57c225fd-d7bb-4038-bd95-081cc219701c}</UniqueIdentifier>
    </Filter>
    <Filter Include="02.GameObjects\07. Weapon\Rifle">
      <UniqueIdentifier>{5c5f4e20-17ea-4b19-abfc-bd47cee810c0}</UniqueIdentifier>
    </Filter>
    <Filter Include="02.GameObjects\07. Weapon\Sickle">
      <UniqueIdentifier>{69bed7b7-6504-41cb-be24-055feb1ff3ce}</UniqueIdentifier>
    </Filter>
    <Filter Include="02.GameObjects\07. Weapon\Axe">
      <UniqueIdentifier>{70253357-09e8-454b-905c-531383498d77}</UniqueIdentifier>
    </Filter>
    <Filter Include="02.GameObjects\03. Projectile\Player">
      <UniqueIdentifier>{db55858d-38fd-4b3e-bf0e-49e6ff68d10c}</UniqueIdentifier>
    </Filter>
    <Filter Include="02.GameObjects\05. Monster\Discord\Wall">
      <UniqueIdentifier>{a1dd80eb-037d-44ba-8134-912196557a4e}</UniqueIdentifier>
    </Filter>
    <Filter Include="02.GameObjects\05. Monster\Discord\Tentacle">
      <UniqueIdentifier>{506a74a2-5dbd-4cc7-bd80-1f46cc789d6d}</UniqueIdentifier>
    </Filter>
    <Filter Include="02.GameObjects\05. Monster\Discord\Tentacle\Melee">
      <UniqueIdentifier>{9f5972fe-83b4-4437-8314-7b8d923ded4e}</UniqueIdentifier>
    </Filter>
    <Filter Include="02.GameObjects\03. Projectile\Monster\ShockWave">
      <UniqueIdentifier>{ed843f36-bff7-4c94-bf65-d8b6c47dead0}</UniqueIdentifier>
    </Filter>
    <Filter Include="03. UI\BackGround">
      <UniqueIdentifier>{2a95d670-b78b-4365-888f-45a6815fed54}</UniqueIdentifier>
    </Filter>
    <Filter Include="03. UI\Static">
      <UniqueIdentifier>{3c073ced-c3e2-4e1b-beec-9e6aebd33ab3}</UniqueIdentifier>
    </Filter>
    <Filter Include="02.GameObjects\03. Projectile\Monster\Artillery">
      <UniqueIdentifier>{1c64d53f-6f1f-4d67-94f9-35b1edc10ba7}</UniqueIdentifier>
    </Filter>
    <Filter Include="02.GameObjects\05. Monster\Artillery">
      <UniqueIdentifier>{90a0e0e5-2e8c-45b9-b2d7-becfe0a12c3e}</UniqueIdentifier>
    </Filter>
    <Filter Include="03. UI\Player">
      <UniqueIdentifier>{75e0c711-7b50-4fc6-900d-9d6d44d7bb7a}</UniqueIdentifier>
    </Filter>
    <Filter Include="03. UI\Player\Metronome">
      <UniqueIdentifier>{7554baa4-667d-4af3-b640-bc6710e5deda}</UniqueIdentifier>
    </Filter>
    <Filter Include="03. UI\Player\Metronome\Counter">
      <UniqueIdentifier>{d5f5e68f-0d78-422d-a7f9-9438a353898c}</UniqueIdentifier>
    </Filter>
    <Filter Include="03. UI\Player\Metronome\Center_Ring">
      <UniqueIdentifier>{1ff70f35-2782-4832-bd8f-94962192ef48}</UniqueIdentifier>
    </Filter>
    <Filter Include="03. UI\Player\PlayerRing">
      <UniqueIdentifier>{2ba071c1-724b-4e0f-8fe1-e6c600fa334b}</UniqueIdentifier>
    </Filter>
    <Filter Include="03. UI\Monster">
      <UniqueIdentifier>{c53959ca-c1f1-4ca5-956a-a3897279aeb7}</UniqueIdentifier>
    </Filter>
    <Filter Include="03. UI\Monster\MonsterHp">
      <UniqueIdentifier>{9be8cdec-fbc6-4b34-9023-e29215923cbb}</UniqueIdentifier>
    </Filter>
    <Filter Include="03. UI\Monster\AttackArea">
      <UniqueIdentifier>{fb1c1666-5737-4e3c-af4e-0d0c0bf3dfdf}</UniqueIdentifier>
    </Filter>
    <Filter Include="02.GameObjects\05. Monster\Defender">
      <UniqueIdentifier>{3b72accb-862d-4f13-8be6-efb85caff4df}</UniqueIdentifier>
    </Filter>
    <Filter Include="02.GameObjects\05. Monster\Defender\Body">
      <UniqueIdentifier>{52afd7f8-b464-4552-bc17-9ba701b1909e}</UniqueIdentifier>
    </Filter>
    <Filter Include="02.GameObjects\05. Monster\Defender\Weapon">
      <UniqueIdentifier>{17e55478-f461-465b-884d-5a5422f878a5}</UniqueIdentifier>
    </Filter>
    <Filter Include="02.GameObjects\08. Trigger">
      <UniqueIdentifier>{c217d0b7-7801-4e72-a209-d7128b3a71cd}</UniqueIdentifier>
    </Filter>
    <Filter Include="04. Observers\Trigger">
      <UniqueIdentifier>{329b4a8e-1630-43de-bb8f-653828d470cf}</UniqueIdentifier>
    </Filter>
    <Filter Include="03. UI\Player\Ult">
      <UniqueIdentifier>{918d542a-8360-427c-bccf-e3b20c7ce43d}</UniqueIdentifier>
    </Filter>
    <Filter Include="03. UI\Monster\MonsterHp\Boss">
      <UniqueIdentifier>{03460e5d-6347-4ff5-9508-2fa17bd999f6}</UniqueIdentifier>
    </Filter>
    <Filter Include="03. UI\HpBar">
      <UniqueIdentifier>{fcee3f22-19d7-4fe3-ab19-eaa5823aefb1}</UniqueIdentifier>
    </Filter>
    <Filter Include="02.GameObjects\05. Monster\Artillery\Body">
      <UniqueIdentifier>{fa5354f7-d305-490f-8050-112f0f2c4b1b}</UniqueIdentifier>
    </Filter>
    <Filter Include="02.GameObjects\06. State\Base\Player">
      <UniqueIdentifier>{27357ce1-6b5e-449e-bf60-5aea8b92ae4f}</UniqueIdentifier>
    </Filter>
    <Filter Include="02.GameObjects\06. State\Base\Monster">
      <UniqueIdentifier>{598bb86e-937a-4647-8f96-38a5a040ce1a}</UniqueIdentifier>
    </Filter>
    <Filter Include="02.GameObjects\06. State\Player\Spawn">
      <UniqueIdentifier>{a25cd8d2-4d0c-4701-a1f7-69bcdc0dfaf7}</UniqueIdentifier>
    </Filter>
    <Filter Include="02.GameObjects\06. State\Monster">
      <UniqueIdentifier>{5ed27875-2614-4ad9-a1e0-b43b5886d0c2}</UniqueIdentifier>
    </Filter>
    <Filter Include="02.GameObjects\06. State\Player\Move">
      <UniqueIdentifier>{a7f93ede-a5cc-4e92-9b04-3dc16722215e}</UniqueIdentifier>
    </Filter>
    <Filter Include="02.GameObjects\06. State\Player\Dash">
      <UniqueIdentifier>{969cec90-0bef-4486-bc10-6ebdafea9a75}</UniqueIdentifier>
    </Filter>
    <Filter Include="02.GameObjects\06. State\Player\Hit">
      <UniqueIdentifier>{d8fb8a3a-99e0-46f7-a8e0-ff41c8194ae6}</UniqueIdentifier>
    </Filter>
    <Filter Include="02.GameObjects\06. State\Player\Attack">
      <UniqueIdentifier>{8b99e7f0-50a6-40ac-aba7-183c7371df58}</UniqueIdentifier>
    </Filter>
    <Filter Include="02.GameObjects\06. State\Player\Attack\Range">
      <UniqueIdentifier>{056bda50-2753-4b36-bc8f-8c047bd60a42}</UniqueIdentifier>
    </Filter>
    <Filter Include="02.GameObjects\06. State\Player\Ult">
      <UniqueIdentifier>{fc512175-a5fc-4db2-be3c-197f7018d45a}</UniqueIdentifier>
    </Filter>
    <Filter Include="02.GameObjects\06. State\Player\Attack\Melee">
      <UniqueIdentifier>{44c91d21-9a69-4e21-b2ae-c021f063a3e6}</UniqueIdentifier>
    </Filter>
    <Filter Include="02.GameObjects\06. State\Player\Attack\Melee\Charge">
      <UniqueIdentifier>{7954d251-cf3a-4d1e-9e55-66415e746776}</UniqueIdentifier>
    </Filter>
    <Filter Include="02.GameObjects\06. State\Player\Attack\Melee\Combo">
      <UniqueIdentifier>{06448ae5-3e9f-49b5-8378-31cfea7bc645}</UniqueIdentifier>
    </Filter>
    <Filter Include="02.GameObjects\06. State\Monster\Spawn">
      <UniqueIdentifier>{f15b67ec-601b-412f-95a9-9d2e32870947}</UniqueIdentifier>
    </Filter>
    <Filter Include="02.GameObjects\06. State\Monster\Idle">
      <UniqueIdentifier>{657dbac2-9ec0-48b8-9952-9890065c9eab}</UniqueIdentifier>
    </Filter>
    <Filter Include="02.GameObjects\06. State\Monster\Groggy">
      <UniqueIdentifier>{928e5fd9-21b2-4898-b1c7-37eb8bbbc38e}</UniqueIdentifier>
    </Filter>
    <Filter Include="02.GameObjects\06. State\Monster\Death">
      <UniqueIdentifier>{38c94d67-7bee-46cc-b8e3-93af1caae400}</UniqueIdentifier>
    </Filter>
    <Filter Include="06. Component">
      <UniqueIdentifier>{35f7a666-829f-46db-a0c6-e3f9dfaf5634}</UniqueIdentifier>
    </Filter>
    <Filter Include="06. Component\CombatStat">
      <UniqueIdentifier>{0ddca2b7-2de2-45bd-9078-47baeb80dcbd}</UniqueIdentifier>
    </Filter>
    <Filter Include="02.GameObjects\06. State\Monster\Attack">
      <UniqueIdentifier>{ec971039-90e4-400b-b229-a3b0c3654481}</UniqueIdentifier>
    </Filter>
    <Filter Include="02.GameObjects\06. State\Monster\Attack\Summon">
      <UniqueIdentifier>{8b050c01-dd5a-45c9-977b-bf2d703f0819}</UniqueIdentifier>
    </Filter>
    <Filter Include="02.GameObjects\06. State\Monster\Attack\Melee">
      <UniqueIdentifier>{b9805d71-cf28-439e-b9c6-61c7d172cfc9}</UniqueIdentifier>
    </Filter>
    <Filter Include="02.GameObjects\06. State\Monster\Attack\Echoslam">
      <UniqueIdentifier>{375fff92-b126-4daf-bf13-b2922f84b4d8}</UniqueIdentifier>
    </Filter>
    <Filter Include="02.GameObjects\06. State\Monster\Attack\Wall">
      <UniqueIdentifier>{f73729ed-7d72-4ab5-b694-c4886e59860d}</UniqueIdentifier>
    </Filter>
    <Filter Include="02.GameObjects\06. State\Monster\Attack\Missile">
      <UniqueIdentifier>{64cabbca-dee7-49d9-b1e9-f1d060cb7eec}</UniqueIdentifier>
    </Filter>
    <Filter Include="01.Levels">
      <UniqueIdentifier>{3b3aeff7-5170-4d23-a6bc-ca661d804d84}</UniqueIdentifier>
    </Filter>
    <Filter Include="01.Levels\Logo">
      <UniqueIdentifier>{fc8ef11a-d4da-4fb2-acd6-da87cf54da78}</UniqueIdentifier>
    </Filter>
    <Filter Include="01.Levels\Loading">
      <UniqueIdentifier>{d77e9a5c-f9dd-469f-9e4a-e102f2dc83a4}</UniqueIdentifier>
    </Filter>
    <Filter Include="01.Levels\Loading\Loader">
      <UniqueIdentifier>{09b33f93-851a-4e38-8e8a-83626e4878cb}</UniqueIdentifier>
    </Filter>
    <Filter Include="01.Levels\GamePlay">
      <UniqueIdentifier>{a3f64273-696d-4106-b58f-efef5e5d53fe}</UniqueIdentifier>
    </Filter>
    <Filter Include="01.Levels\Edit">
      <UniqueIdentifier>{15fbc57c-34ef-4631-a335-1cfedf7796b3}</UniqueIdentifier>
    </Filter>
  </ItemGroup>
  <ItemGroup>
    <ClInclude Include="Client.h">
      <Filter>98.Default</Filter>
    </ClInclude>
    <ClInclude Include="framework.h">
      <Filter>98.Default</Filter>
    </ClInclude>
    <ClInclude Include="Resource.h">
      <Filter>98.Default</Filter>
    </ClInclude>
    <ClInclude Include="targetver.h">
      <Filter>98.Default</Filter>
    </ClInclude>
    <ClInclude Include="..\Public\Client_Defines.h">
      <Filter>99.Defines</Filter>
    </ClInclude>
    <ClInclude Include="..\Public\Client_Enum.h">
      <Filter>99.Defines</Filter>
    </ClInclude>
    <ClInclude Include="..\Public\Level_GamePlay.h">
      <Filter>01.Levels\GamePlay</Filter>
    </ClInclude>
    <ClInclude Include="..\Public\Level_Loading.h">
      <Filter>01.Levels\Loading</Filter>
    </ClInclude>
    <ClInclude Include="..\Public\Loader.h">
      <Filter>01.Levels\Loading\Loader</Filter>
    </ClInclude>
    <ClInclude Include="..\Public\Level_Logo.h">
      <Filter>01.Levels\Logo</Filter>
    </ClInclude>
    <ClInclude Include="..\public\MainApp.h">
      <Filter>00.MainApp</Filter>
    </ClInclude>
    <ClInclude Include="..\public\BackGround.h">
      <Filter>03. UI\BackGround</Filter>
    </ClInclude>
    <ClInclude Include="..\public\Metronome.h">
      <Filter>03. UI\Player\Metronome</Filter>
    </ClInclude>
    <ClInclude Include="..\Public\Metronome_Counter.h">
      <Filter>03. UI\Player\Metronome\Counter</Filter>
    </ClInclude>
    <ClInclude Include="..\public\Camera_Free.h">
      <Filter>02.GameObjects\00.Camera</Filter>
    </ClInclude>
    <ClInclude Include="..\public\Terrain.h">
      <Filter>02.GameObjects\01.Terrain</Filter>
    </ClInclude>
    <ClInclude Include="..\public\MyImgui.h">
      <Filter>96. Imgui</Filter>
    </ClInclude>
    <ClInclude Include="..\public\Level_Edit.h">
      <Filter>01.Levels\Edit</Filter>
    </ClInclude>
    <ClInclude Include="..\public\Projectile_Base.h">
      <Filter>02.GameObjects\03. Projectile</Filter>
    </ClInclude>
    <ClInclude Include="..\public\Projectile_Monster.h">
      <Filter>02.GameObjects\03. Projectile\Monster</Filter>
    </ClInclude>
    <ClInclude Include="..\public\Structure.h">
      <Filter>02.GameObjects\02. Structure</Filter>
    </ClInclude>
    <ClInclude Include="..\public\Player.h">
      <Filter>02.GameObjects\04. Player</Filter>
    </ClInclude>
    <ClInclude Include="..\public\Camera_TopDown.h">
      <Filter>02.GameObjects\00.Camera\Cameras</Filter>
    </ClInclude>
    <ClInclude Include="..\public\Monster_Base.h">
      <Filter>02.GameObjects\05. Monster\Base</Filter>
    </ClInclude>
    <ClInclude Include="..\public\Player_State_Idle.h">
      <Filter>02.GameObjects\06. State\Player\Idle</Filter>
    </ClInclude>
    <ClInclude Include="..\public\Object_State.h">
      <Filter>02.GameObjects\06. State\Base</Filter>
    </ClInclude>
    <ClInclude Include="..\public\Discord.h">
      <Filter>02.GameObjects\05. Monster\Discord</Filter>
    </ClInclude>
    <ClInclude Include="..\public\Body_Discord.h">
      <Filter>02.GameObjects\05. Monster\Discord\Body</Filter>
    </ClInclude>
    <ClInclude Include="..\public\Observer_Animation.h">
      <Filter>04. Observers\Animation</Filter>
    </ClInclude>
    <ClInclude Include="..\public\Observer_Phase.h">
      <Filter>04. Observers\Phase</Filter>
    </ClInclude>
    <ClInclude Include="..\public\Weapon_Base.h">
      <Filter>02.GameObjects\07. Weapon\Base</Filter>
    </ClInclude>
    <ClInclude Include="..\public\Rifle.h">
      <Filter>02.GameObjects\07. Weapon\Rifle</Filter>
    </ClInclude>
    <ClInclude Include="..\public\Body_Player.h">
      <Filter>02.GameObjects\04. Player\Body</Filter>
    </ClInclude>
    <ClInclude Include="..\public\Keyboard.h">
      <Filter>02.GameObjects\07. Weapon\Keyboard</Filter>
    </ClInclude>
    <ClInclude Include="..\public\Sickle.h">
      <Filter>02.GameObjects\07. Weapon\Sickle</Filter>
    </ClInclude>
    <ClInclude Include="..\public\Axe.h">
      <Filter>02.GameObjects\07. Weapon\Axe</Filter>
    </ClInclude>
    <ClInclude Include="..\public\Projectile_Player.h">
      <Filter>02.GameObjects\03. Projectile\Player</Filter>
    </ClInclude>
    <ClInclude Include="..\public\Projectile_Artillery.h">
      <Filter>02.GameObjects\03. Projectile\Monster\Artillery</Filter>
    </ClInclude>
    <ClInclude Include="..\public\Discord_Wall.h">
      <Filter>02.GameObjects\05. Monster\Discord\Wall</Filter>
    </ClInclude>
    <ClInclude Include="..\public\Projectile_Shockwave.h">
      <Filter>02.GameObjects\03. Projectile\Monster\ShockWave</Filter>
    </ClInclude>
    <ClInclude Include="..\public\Tentacle_Melee.h">
      <Filter>02.GameObjects\05. Monster\Discord\Tentacle\Melee</Filter>
    </ClInclude>
    <ClInclude Include="..\public\PlayerRing.h">
      <Filter>03. UI\Player\PlayerRing</Filter>
    </ClInclude>
    <ClInclude Include="..\public\Static_UI.h">
      <Filter>03. UI\Static</Filter>
    </ClInclude>
    <ClInclude Include="..\public\Metronome_Center_RIng.h">
      <Filter>03. UI\Player\Metronome\Center_Ring</Filter>
    </ClInclude>
    <ClInclude Include="..\public\Defender.h">
      <Filter>02.GameObjects\05. Monster\Defender</Filter>
    </ClInclude>
    <ClInclude Include="..\public\Body_Defender.h">
      <Filter>02.GameObjects\05. Monster\Defender\Body</Filter>
    </ClInclude>
    <ClInclude Include="..\public\Weapon_Defender.h">
      <Filter>02.GameObjects\05. Monster\Defender\Weapon</Filter>
    </ClInclude>
    <ClInclude Include="..\public\Monster_HP.h">
      <Filter>03. UI\Monster\MonsterHp</Filter>
    </ClInclude>
    <ClInclude Include="..\public\HP_Bar.h">
      <Filter>03. UI\HpBar</Filter>
    </ClInclude>
    <ClInclude Include="..\public\CombatStat.h">
      <Filter>06. Component\CombatStat</Filter>
    </ClInclude>
    <ClInclude Include="..\Public\Client_Struct.h">
      <Filter>99.Defines</Filter>
    </ClInclude>
    <ClInclude Include="..\public\Trigger.h">
      <Filter>02.GameObjects\08. Trigger</Filter>
    </ClInclude>
    <ClInclude Include="..\public\Observer_Trigger.h">
      <Filter>04. Observers\Trigger</Filter>
    </ClInclude>
    <ClInclude Include="..\public\Artillery.h">
      <Filter>02.GameObjects\05. Monster\Artillery</Filter>
    </ClInclude>
    <ClInclude Include="..\public\Body_Artillery.h">
      <Filter>02.GameObjects\05. Monster\Artillery\Body</Filter>
    </ClInclude>
    <ClInclude Include="..\public\Player_State_Base.h">
      <Filter>02.GameObjects\06. State\Base\Player</Filter>
    </ClInclude>
    <ClInclude Include="..\public\Player_State_Spawn.h">
      <Filter>02.GameObjects\06. State\Player\Spawn</Filter>
    </ClInclude>
    <ClInclude Include="..\public\Player_State_Move.h">
      <Filter>02.GameObjects\06. State\Player\Move</Filter>
    </ClInclude>
    <ClInclude Include="..\public\Player_State_Dash.h">
      <Filter>02.GameObjects\06. State\Player\Dash</Filter>
    </ClInclude>
    <ClInclude Include="..\public\Player_State_Attack_Range.h">
      <Filter>02.GameObjects\06. State\Player\Attack\Range</Filter>
    </ClInclude>
    <ClInclude Include="..\public\Player_State_Hit.h">
      <Filter>02.GameObjects\06. State\Player\Hit</Filter>
    </ClInclude>
    <ClInclude Include="..\public\Player_State_Attack_Charge.h">
      <Filter>02.GameObjects\06. State\Player\Attack\Melee\Charge</Filter>
    </ClInclude>
    <ClInclude Include="..\public\Player_State_Attack_Combo.h">
      <Filter>02.GameObjects\06. State\Player\Attack\Melee\Combo</Filter>
    </ClInclude>
    <ClInclude Include="..\public\Monster_State_Spawn.h">
      <Filter>02.GameObjects\06. State\Monster\Spawn</Filter>
    </ClInclude>
    <ClInclude Include="..\public\Monster_State_Base.h">
      <Filter>02.GameObjects\06. State\Base\Monster</Filter>
    </ClInclude>
    <ClInclude Include="..\public\Monster_State_Idle.h">
      <Filter>02.GameObjects\06. State\Monster\Idle</Filter>
    </ClInclude>
    <ClInclude Include="..\public\Monster_Pattern_EchoSlam.h">
      <Filter>02.GameObjects\06. State\Monster\Attack\Echoslam</Filter>
    </ClInclude>
    <ClInclude Include="..\public\Monster_State_Groggy.h">
      <Filter>02.GameObjects\06. State\Monster\Groggy</Filter>
    </ClInclude>
  </ItemGroup>
  <ItemGroup>
    <Image Include="Client.ico">
      <Filter>98.Default</Filter>
    </Image>
    <Image Include="small.ico">
      <Filter>98.Default</Filter>
    </Image>
  </ItemGroup>
  <ItemGroup>
    <ResourceCompile Include="Client.rc">
      <Filter>98.Default</Filter>
    </ResourceCompile>
  </ItemGroup>
  <ItemGroup>
    <ClCompile Include="Client.cpp">
      <Filter>98.Default</Filter>
    </ClCompile>
    <ClCompile Include="..\Private\Level_GamePlay.cpp">
      <Filter>01.Levels\GamePlay</Filter>
    </ClCompile>
    <ClCompile Include="..\Private\Level_Loading.cpp">
      <Filter>01.Levels\Loading</Filter>
    </ClCompile>
    <ClCompile Include="..\Private\Level_Logo.cpp">
      <Filter>01.Levels\Logo</Filter>
    </ClCompile>
    <ClCompile Include="..\private\MainApp.cpp">
      <Filter>00.MainApp</Filter>
    </ClCompile>
    <ClCompile Include="..\private\BackGround.cpp">
      <Filter>03. UI\BackGround</Filter>
    </ClCompile>
    <ClCompile Include="..\private\Metronome.cpp">
      <Filter>03. UI\Player\Metronome</Filter>
    </ClCompile>
    <ClCompile Include="..\private\Metronome_Counter.cpp">
      <Filter>03. UI\Player\Metronome\Counter</Filter>
    </ClCompile>
    <ClCompile Include="..\private\Camera_Free.cpp">
      <Filter>02.GameObjects\00.Camera</Filter>
    </ClCompile>
    <ClCompile Include="..\private\Terrain.cpp">
      <Filter>02.GameObjects\01.Terrain</Filter>
    </ClCompile>
    <ClCompile Include="..\private\MyImgui.cpp">
      <Filter>96. Imgui</Filter>
    </ClCompile>
    <ClCompile Include="..\private\Level_Edit.cpp">
      <Filter>01.Levels\Edit</Filter>
    </ClCompile>
    <ClCompile Include="..\Private\Loader.cpp">
      <Filter>01.Levels\Loading\Loader</Filter>
    </ClCompile>
    <ClCompile Include="..\private\Projectile_Base.cpp">
      <Filter>02.GameObjects\03. Projectile</Filter>
    </ClCompile>
    <ClCompile Include="..\private\Projectile_Monster.cpp">
      <Filter>02.GameObjects\03. Projectile\Monster</Filter>
    </ClCompile>
    <ClCompile Include="..\private\Structure.cpp">
      <Filter>02.GameObjects\02. Structure</Filter>
    </ClCompile>
    <ClCompile Include="..\private\Player.cpp">
      <Filter>02.GameObjects\04. Player</Filter>
    </ClCompile>
    <ClCompile Include="..\private\Camera_TopDown.cpp">
      <Filter>02.GameObjects\00.Camera\Cameras</Filter>
    </ClCompile>
    <ClCompile Include="..\private\Monster_Base.cpp">
      <Filter>02.GameObjects\05. Monster\Base</Filter>
    </ClCompile>
    <ClCompile Include="..\private\Player_State_Idle.cpp">
      <Filter>02.GameObjects\06. State\Player\Idle</Filter>
    </ClCompile>
    <ClCompile Include="..\private\Object_State.cpp">
      <Filter>02.GameObjects\06. State\Base</Filter>
    </ClCompile>
    <ClCompile Include="..\private\Discord.cpp">
      <Filter>02.GameObjects\05. Monster\Discord</Filter>
    </ClCompile>
    <ClCompile Include="..\private\Body_Discord.cpp">
      <Filter>02.GameObjects\05. Monster\Discord\Body</Filter>
    </ClCompile>
    <ClCompile Include="..\private\Observer_Animation.cpp">
      <Filter>04. Observers\Animation</Filter>
    </ClCompile>
    <ClCompile Include="..\private\Observer_Phase.cpp">
      <Filter>04. Observers\Phase</Filter>
    </ClCompile>
    <ClCompile Include="..\private\Weapon_Base.cpp">
      <Filter>02.GameObjects\07. Weapon\Base</Filter>
    </ClCompile>
    <ClCompile Include="..\private\Rifle.cpp">
      <Filter>02.GameObjects\07. Weapon\Rifle</Filter>
    </ClCompile>
    <ClCompile Include="..\private\Body_Player.cpp">
      <Filter>02.GameObjects\04. Player\Body</Filter>
    </ClCompile>
    <ClCompile Include="..\private\Keyboard.cpp">
      <Filter>02.GameObjects\07. Weapon\Keyboard</Filter>
    </ClCompile>
    <ClCompile Include="..\private\Sickle.cpp">
      <Filter>02.GameObjects\07. Weapon\Sickle</Filter>
    </ClCompile>
    <ClCompile Include="..\private\Axe.cpp">
      <Filter>02.GameObjects\07. Weapon\Axe</Filter>
    </ClCompile>
    <ClCompile Include="..\private\Projectile_Player.cpp">
      <Filter>02.GameObjects\03. Projectile\Player</Filter>
    </ClCompile>
    <ClCompile Include="..\private\Projectile_Artillery.cpp">
      <Filter>02.GameObjects\03. Projectile\Monster\Artillery</Filter>
    </ClCompile>
    <ClCompile Include="..\private\Discord_Wall.cpp">
      <Filter>02.GameObjects\05. Monster\Discord\Wall</Filter>
    </ClCompile>
    <ClCompile Include="..\private\Projectile_Shockwave.cpp">
      <Filter>02.GameObjects\03. Projectile\Monster\ShockWave</Filter>
    </ClCompile>
    <ClCompile Include="..\private\Tentacle_Melee.cpp">
      <Filter>02.GameObjects\05. Monster\Discord\Tentacle\Melee</Filter>
    </ClCompile>
    <ClCompile Include="..\private\PlayerRing.cpp">
      <Filter>03. UI\Player\PlayerRing</Filter>
    </ClCompile>
    <ClCompile Include="..\private\Static_UI.cpp">
      <Filter>03. UI\Static</Filter>
    </ClCompile>
    <ClCompile Include="..\private\Metronome_Center_RIng.cpp">
      <Filter>03. UI\Player\Metronome\Center_Ring</Filter>
    </ClCompile>
    <ClCompile Include="..\private\Defender.cpp">
      <Filter>02.GameObjects\05. Monster\Defender</Filter>
    </ClCompile>
    <ClCompile Include="..\private\Body_Defender.cpp">
      <Filter>02.GameObjects\05. Monster\Defender\Body</Filter>
    </ClCompile>
    <ClCompile Include="..\private\Weapon_Defender.cpp">
      <Filter>02.GameObjects\05. Monster\Defender\Weapon</Filter>
    </ClCompile>
    <ClCompile Include="..\private\Monster_HP.cpp">
      <Filter>03. UI\Monster\MonsterHp</Filter>
    </ClCompile>
    <ClCompile Include="..\private\CombatStat.cpp">
      <Filter>06. Component\CombatStat</Filter>
    </ClCompile>
    <ClCompile Include="..\private\HP_Bar.cpp">
      <Filter>03. UI\HpBar</Filter>
    </ClCompile>
    <ClCompile Include="..\private\Trigger.cpp">
      <Filter>02.GameObjects\08. Trigger</Filter>
    </ClCompile>
    <ClCompile Include="..\private\Observer_Trigger.cpp">
      <Filter>04. Observers\Trigger</Filter>
    </ClCompile>
    <ClCompile Include="..\private\Artillery.cpp">
      <Filter>02.GameObjects\05. Monster\Artillery</Filter>
    </ClCompile>
    <ClCompile Include="..\private\Body_Artillery.cpp">
      <Filter>02.GameObjects\05. Monster\Artillery\Body</Filter>
    </ClCompile>
    <ClCompile Include="..\private\Player_State_Base.cpp">
      <Filter>02.GameObjects\06. State\Base\Player</Filter>
    </ClCompile>
    <ClCompile Include="..\Private\Player_State_Spawn.cpp">
      <Filter>02.GameObjects\06. State\Player\Spawn</Filter>
    </ClCompile>
    <ClCompile Include="..\private\Player_State_Move.cpp">
      <Filter>02.GameObjects\06. State\Player\Move</Filter>
    </ClCompile>
    <ClCompile Include="..\private\Player_State_Dash.cpp">
      <Filter>02.GameObjects\06. State\Player\Dash</Filter>
    </ClCompile>
    <ClCompile Include="..\private\Player_State_Attack_Range.cpp">
      <Filter>02.GameObjects\06. State\Player\Attack\Range</Filter>
    </ClCompile>
    <ClCompile Include="..\private\Player_State_Hit.cpp">
      <Filter>02.GameObjects\06. State\Player\Hit</Filter>
    </ClCompile>
    <ClCompile Include="..\private\Player_State_Attack_Charge.cpp">
      <Filter>02.GameObjects\06. State\Player\Attack\Melee\Charge</Filter>
    </ClCompile>
    <ClCompile Include="..\private\Player_State_Attack_Combo.cpp">
      <Filter>02.GameObjects\06. State\Player\Attack\Melee\Combo</Filter>
    </ClCompile>
    <ClCompile Include="..\private\Monster_State_Spawn.cpp">
      <Filter>02.GameObjects\06. State\Monster\Spawn</Filter>
    </ClCompile>
    <ClCompile Include="..\private\Monster_State_Base.cpp">
      <Filter>02.GameObjects\06. State\Base\Monster</Filter>
    </ClCompile>
    <ClCompile Include="..\private\Monster_State_Idle.cpp">
      <Filter>02.GameObjects\06. State\Monster\Idle</Filter>
    </ClCompile>
    <ClCompile Include="..\private\Monster_Pattern_EchoSlam.cpp">
      <Filter>02.GameObjects\06. State\Monster\Attack\Echoslam</Filter>
    </ClCompile>
    <ClCompile Include="..\private\Monster_State_Groggy.cpp">
      <Filter>02.GameObjects\06. State\Monster\Groggy</Filter>
    </ClCompile>
  </ItemGroup>
  <ItemGroup>
    <FxCompile Include="..\Bin\ShaderFiles\Shader_VtxPosTex.hlsl">
      <Filter>97.ShaderFiles</Filter>
    </FxCompile>
    <FxCompile Include="..\Bin\ShaderFiles\Shader_VtxNorTex.hlsl">
      <Filter>97.ShaderFiles</Filter>
    </FxCompile>
    <FxCompile Include="..\Bin\ShaderFiles\Shader_VtxAnimMesh.hlsl">
      <Filter>97.ShaderFiles</Filter>
    </FxCompile>
    <FxCompile Include="..\Bin\ShaderFiles\Shader_VtxMesh.hlsl">
      <Filter>97.ShaderFiles</Filter>
    </FxCompile>
    <FxCompile Include="..\Bin\ShaderFiles\Shader_VtxCube.hlsl">
      <Filter>97.ShaderFiles</Filter>
    </FxCompile>
    <FxCompile Include="..\Bin\ShaderFiles\Shader_Cell.hlsl">
      <Filter>97.ShaderFiles</Filter>
    </FxCompile>
  </ItemGroup>
  <ItemGroup>
    <None Include="..\Bin\ShaderFiles\Engine_Shader_Defines.hlsli">
      <Filter>97.ShaderFiles</Filter>
    </None>
  </ItemGroup>
</Project>